{
  "name": "dsfr-ai-kit",
  "version": "1.0.0",
  "lockfileVersion": 3,
  "requires": true,
  "packages": {
    "": {
      "name": "dsfr-ai-kit",
      "version": "1.0.0",
      "license": "ISC",
      "dependencies": {
        "@gouvfr/dsfr": "1.15.3"
      }
    },
    "node_modules/@gouvfr/dsfr": {
      "version": "1.15.3",
      "resolved": "https://registry.npmjs.org/@gouvfr/dsfr/-/dsfr-1.15.3.tgz",
      "integrity": "sha512-R9AALZc1LfZjtytWZMOaUIOHWTkllBZ/sZlsL8TpKZVgF3qUKXt/uNYh+L1D1Fh4p92ZqWxbtNcebsigBZe5pQ==",
      "hasInstallScript": true,
      "license": "etalab-2.0",
      "engines": {
        "node": "^20.19.0 || ^22.12.0 || >=24.0.0"
      }
    }
  }
}
